{
  "name": "@agoric/jessie",
  "version": "0.1.0",
  "lockfileVersion": 1,
  "requires": true,
  "dependencies": {
    "@agoric/harden": {
      "version": "file:../harden",
      "requires": {
        "@agoric/make-hardener": "0.0.6"
      },
      "dependencies": {
        "@agoric/make-hardener": {
          "version": "0.0.6",
          "bundled": true
        }
      }
    }
  }
}
